
Microsoft Visual Studio Solution File, Format Version 12.00
# Visual Studio Version 17
VisualStudioVersion = 17.4.33213.308
MinimumVisualStudioVersion = 10.0.40219.1
Project("{FAE04EC0-301F-11D3-BF4B-00C04F79EFBC}") = "LibraryCrud", "LibraryCrud\LibraryCrud.csproj", "{CC960851-20E7-4628-8563-BF62D61A72C8}"
EndProject
Global
	GlobalSection(SolutionConfigurationPlatforms) = preSolution
		Debug|Any CPU = Debug|Any CPU
		Release|Any CPU = Release|Any CPU
	EndGlobalSection
	GlobalSection(ProjectConfigurationPlatforms) = postSolution
		{CC960851-20E7-4628-8563-BF62D61A72C8}.Debug|Any CPU.ActiveCfg = Debug|Any CPU
		{CC960851-20E7-4628-8563-BF62D61A72C8}.Debug|Any CPU.Build.0 = Debug|Any CPU
		{CC960851-20E7-4628-8563-BF62D61A72C8}.Release|Any CPU.ActiveCfg = Release|Any CPU
		{CC960851-20E7-4628-8563-BF62D61A72C8}.Release|Any CPU.Build.0 = Release|Any CPU
	EndGlobalSection
	GlobalSection(SolutionProperties) = preSolution
		HideSolutionNode = FALSE
	EndGlobalSection
	GlobalSection(ExtensibilityGlobals) = postSolution
		SolutionGuid = {FB000F3D-EB24-4502-AB62-4CEFB474B244}
	EndGlobalSection
EndGlobal
